
Microsoft Visual Studio Solution File, Format Version 12.00
# Visual Studio Version 17
VisualStudioVersion = 17.2.32602.215
MinimumVisualStudioVersion = 10.0.40219.1
Project("{9A19103F-16F7-4668-BE54-9A1E7A4F7556}") = "ALENGINE", "ALENGINE\ALENGINE.csproj", "{B0415673-B0B9-4B15-8AD4-FF5BDBB4E889}"
EndProject
Global
	GlobalSection(SolutionConfigurationPlatforms) = preSolution
		Debug|Any CPU = Debug|Any CPU
		Release|Any CPU = Release|Any CPU
	EndGlobalSection
	GlobalSection(ProjectConfigurationPlatforms) = postSolution
		{B0415673-B0B9-4B15-8AD4-FF5BDBB4E889}.Debug|Any CPU.ActiveCfg = Debug|Any CPU
		{B0415673-B0B9-4B15-8AD4-FF5BDBB4E889}.Debug|Any CPU.Build.0 = Debug|Any CPU
		{B0415673-B0B9-4B15-8AD4-FF5BDBB4E889}.Release|Any CPU.ActiveCfg = Release|Any CPU
		{B0415673-B0B9-4B15-8AD4-FF5BDBB4E889}.Release|Any CPU.Build.0 = Release|Any CPU
	EndGlobalSection
	GlobalSection(SolutionProperties) = preSolution
		HideSolutionNode = FALSE
	EndGlobalSection
	GlobalSection(ExtensibilityGlobals) = postSolution
		SolutionGuid = {2E2B1068-6956-42FA-9231-E1514C3633FB}
	EndGlobalSection
EndGlobal
